
Microsoft Visual Studio Solution File, Format Version 12.00
# Visual Studio Version 17
VisualStudioVersion = 17.0.31903.59
MinimumVisualStudioVersion = 10.0.40219.1
Project("{2150E333-8FDC-42A3-9474-1A3956D46DE8}") = "src", "src", "{827E0CD3-B72D-47B6-A68D-7590B98EB39B}"
EndProject
Project("{2150E333-8FDC-42A3-9474-1A3956D46DE8}") = "Domain", "Domain", "{8B290487-4C16-E85E-E807-F579CBE9FC4D}"
EndProject
Project("{FAE04EC0-301F-11D3-BF4B-00C04F79EFBC}") = "OrderManagement.Domain", "src\Domain\OrderManagement.Domain.csproj", "{42226D7E-2BE8-4495-AE25-4E32951995E9}"
EndProject
Project("{2150E333-8FDC-42A3-9474-1A3956D46DE8}") = "Application", "Application", "{22BAF98C-8415-17C4-B26A-D537657BC863}"
EndProject
Project("{FAE04EC0-301F-11D3-BF4B-00C04F79EFBC}") = "OrderManagement.Application", "src\Application\OrderManagement.Application.csproj", "{5C733844-5906-448C-9F7F-5B9424411DF2}"
EndProject
Project("{2150E333-8FDC-42A3-9474-1A3956D46DE8}") = "Infrastructure", "Infrastructure", "{9048EB7F-3875-A59E-E36B-5BD4C6F2A282}"
EndProject
Project("{FAE04EC0-301F-11D3-BF4B-00C04F79EFBC}") = "OrderManagement.Infrastructure", "src\Infrastructure\OrderManagement.Infrastructure.csproj", "{79A8E30C-4E41-46AF-900A-CA6E67B9634D}"
EndProject
Project("{2150E333-8FDC-42A3-9474-1A3956D46DE8}") = "API", "API", "{81034408-37C8-1011-444E-4C15C2FADA8E}"
EndProject
Project("{FAE04EC0-301F-11D3-BF4B-00C04F79EFBC}") = "OrderManagement.API", "src\API\OrderManagement.API.csproj", "{39E9887F-4088-4870-910B-8E0AF9391550}"
EndProject
Project("{2150E333-8FDC-42A3-9474-1A3956D46DE8}") = "tests", "tests", "{0AB3BF05-4346-4AA6-1389-037BE0695223}"
EndProject
Project("{2150E333-8FDC-42A3-9474-1A3956D46DE8}") = "Application.Tests", "Application.Tests", "{E54C5156-A79F-F12B-3B9F-7475A4B81BB0}"
EndProject
Project("{FAE04EC0-301F-11D3-BF4B-00C04F79EFBC}") = "OrderManagement.Application.Tests", "tests\Application.Tests\OrderManagement.Application.Tests.csproj", "{D8D65E89-9296-414D-8F48-3A409AF58472}"
EndProject
Global
	GlobalSection(SolutionConfigurationPlatforms) = preSolution
		Debug|Any CPU = Debug|Any CPU
		Debug|x64 = Debug|x64
		Debug|x86 = Debug|x86
		Release|Any CPU = Release|Any CPU
		Release|x64 = Release|x64
		Release|x86 = Release|x86
	EndGlobalSection
	GlobalSection(ProjectConfigurationPlatforms) = postSolution
		{42226D7E-2BE8-4495-AE25-4E32951995E9}.Debug|Any CPU.ActiveCfg = Debug|Any CPU
		{42226D7E-2BE8-4495-AE25-4E32951995E9}.Debug|Any CPU.Build.0 = Debug|Any CPU
		{42226D7E-2BE8-4495-AE25-4E32951995E9}.Debug|x64.ActiveCfg = Debug|Any CPU
		{42226D7E-2BE8-4495-AE25-4E32951995E9}.Debug|x64.Build.0 = Debug|Any CPU
		{42226D7E-2BE8-4495-AE25-4E32951995E9}.Debug|x86.ActiveCfg = Debug|Any CPU
		{42226D7E-2BE8-4495-AE25-4E32951995E9}.Debug|x86.Build.0 = Debug|Any CPU
		{42226D7E-2BE8-4495-AE25-4E32951995E9}.Release|Any CPU.ActiveCfg = Release|Any CPU
		{42226D7E-2BE8-4495-AE25-4E32951995E9}.Release|Any CPU.Build.0 = Release|Any CPU
		{42226D7E-2BE8-4495-AE25-4E32951995E9}.Release|x64.ActiveCfg = Release|Any CPU
		{42226D7E-2BE8-4495-AE25-4E32951995E9}.Release|x64.Build.0 = Release|Any CPU
		{42226D7E-2BE8-4495-AE25-4E32951995E9}.Release|x86.ActiveCfg = Release|Any CPU
		{42226D7E-2BE8-4495-AE25-4E32951995E9}.Release|x86.Build.0 = Release|Any CPU
		{5C733844-5906-448C-9F7F-5B9424411DF2}.Debug|Any CPU.ActiveCfg = Debug|Any CPU
		{5C733844-5906-448C-9F7F-5B9424411DF2}.Debug|Any CPU.Build.0 = Debug|Any CPU
		{5C733844-5906-448C-9F7F-5B9424411DF2}.Debug|x64.ActiveCfg = Debug|Any CPU
		{5C733844-5906-448C-9F7F-5B9424411DF2}.Debug|x64.Build.0 = Debug|Any CPU
		{5C733844-5906-448C-9F7F-5B9424411DF2}.Debug|x86.ActiveCfg = Debug|Any CPU
		{5C733844-5906-448C-9F7F-5B9424411DF2}.Debug|x86.Build.0 = Debug|Any CPU
		{5C733844-5906-448C-9F7F-5B9424411DF2}.Release|Any CPU.ActiveCfg = Release|Any CPU
		{5C733844-5906-448C-9F7F-5B9424411DF2}.Release|Any CPU.Build.0 = Release|Any CPU
		{5C733844-5906-448C-9F7F-5B9424411DF2}.Release|x64.ActiveCfg = Release|Any CPU
		{5C733844-5906-448C-9F7F-5B9424411DF2}.Release|x64.Build.0 = Release|Any CPU
		{5C733844-5906-448C-9F7F-5B9424411DF2}.Release|x86.ActiveCfg = Release|Any CPU
		{5C733844-5906-448C-9F7F-5B9424411DF2}.Release|x86.Build.0 = Release|Any CPU
		{79A8E30C-4E41-46AF-900A-CA6E67B9634D}.Debug|Any CPU.ActiveCfg = Debug|Any CPU
		{79A8E30C-4E41-46AF-900A-CA6E67B9634D}.Debug|Any CPU.Build.0 = Debug|Any CPU
		{79A8E30C-4E41-46AF-900A-CA6E67B9634D}.Debug|x64.ActiveCfg = Debug|Any CPU
		{79A8E30C-4E41-46AF-900A-CA6E67B9634D}.Debug|x64.Build.0 = Debug|Any CPU
		{79A8E30C-4E41-46AF-900A-CA6E67B9634D}.Debug|x86.ActiveCfg = Debug|Any CPU
		{79A8E30C-4E41-46AF-900A-CA6E67B9634D}.Debug|x86.Build.0 = Debug|Any CPU
		{79A8E30C-4E41-46AF-900A-CA6E67B9634D}.Release|Any CPU.ActiveCfg = Release|Any CPU
		{79A8E30C-4E41-46AF-900A-CA6E67B9634D}.Release|Any CPU.Build.0 = Release|Any CPU
		{79A8E30C-4E41-46AF-900A-CA6E67B9634D}.Release|x64.ActiveCfg = Release|Any CPU
		{79A8E30C-4E41-46AF-900A-CA6E67B9634D}.Release|x64.Build.0 = Release|Any CPU
		{79A8E30C-4E41-46AF-900A-CA6E67B9634D}.Release|x86.ActiveCfg = Release|Any CPU
		{79A8E30C-4E41-46AF-900A-CA6E67B9634D}.Release|x86.Build.0 = Release|Any CPU
		{39E9887F-4088-4870-910B-8E0AF9391550}.Debug|Any CPU.ActiveCfg = Debug|Any CPU
		{39E9887F-4088-4870-910B-8E0AF9391550}.Debug|Any CPU.Build.0 = Debug|Any CPU
		{39E9887F-4088-4870-910B-8E0AF9391550}.Debug|x64.ActiveCfg = Debug|Any CPU
		{39E9887F-4088-4870-910B-8E0AF9391550}.Debug|x64.Build.0 = Debug|Any CPU
		{39E9887F-4088-4870-910B-8E0AF9391550}.Debug|x86.ActiveCfg = Debug|Any CPU
		{39E9887F-4088-4870-910B-8E0AF9391550}.Debug|x86.Build.0 = Debug|Any CPU
		{39E9887F-4088-4870-910B-8E0AF9391550}.Release|Any CPU.ActiveCfg = Release|Any CPU
		{39E9887F-4088-4870-910B-8E0AF9391550}.Release|Any CPU.Build.0 = Release|Any CPU
		{39E9887F-4088-4870-910B-8E0AF9391550}.Release|x64.ActiveCfg = Release|Any CPU
		{39E9887F-4088-4870-910B-8E0AF9391550}.Release|x64.Build.0 = Release|Any CPU
		{39E9887F-4088-4870-910B-8E0AF9391550}.Release|x86.ActiveCfg = Release|Any CPU
		{39E9887F-4088-4870-910B-8E0AF9391550}.Release|x86.Build.0 = Release|Any CPU
		{D8D65E89-9296-414D-8F48-3A409AF58472}.Debug|Any CPU.ActiveCfg = Debug|Any CPU
		{D8D65E89-9296-414D-8F48-3A409AF58472}.Debug|Any CPU.Build.0 = Debug|Any CPU
		{D8D65E89-9296-414D-8F48-3A409AF58472}.Debug|x64.ActiveCfg = Debug|Any CPU
		{D8D65E89-9296-414D-8F48-3A409AF58472}.Debug|x64.Build.0 = Debug|Any CPU
		{D8D65E89-9296-414D-8F48-3A409AF58472}.Debug|x86.ActiveCfg = Debug|Any CPU
		{D8D65E89-9296-414D-8F48-3A409AF58472}.Debug|x86.Build.0 = Debug|Any CPU
		{D8D65E89-9296-414D-8F48-3A409AF58472}.Release|Any CPU.ActiveCfg = Release|Any CPU
		{D8D65E89-9296-414D-8F48-3A409AF58472}.Release|Any CPU.Build.0 = Release|Any CPU
		{D8D65E89-9296-414D-8F48-3A409AF58472}.Release|x64.ActiveCfg = Release|Any CPU
		{D8D65E89-9296-414D-8F48-3A409AF58472}.Release|x64.Build.0 = Release|Any CPU
		{D8D65E89-9296-414D-8F48-3A409AF58472}.Release|x86.ActiveCfg = Release|Any CPU
		{D8D65E89-9296-414D-8F48-3A409AF58472}.Release|x86.Build.0 = Release|Any CPU
	EndGlobalSection
	GlobalSection(SolutionProperties) = preSolution
		HideSolutionNode = FALSE
	EndGlobalSection
	GlobalSection(NestedProjects) = preSolution
		{8B290487-4C16-E85E-E807-F579CBE9FC4D} = {827E0CD3-B72D-47B6-A68D-7590B98EB39B}
		{42226D7E-2BE8-4495-AE25-4E32951995E9} = {8B290487-4C16-E85E-E807-F579CBE9FC4D}
		{22BAF98C-8415-17C4-B26A-D537657BC863} = {827E0CD3-B72D-47B6-A68D-7590B98EB39B}
		{5C733844-5906-448C-9F7F-5B9424411DF2} = {22BAF98C-8415-17C4-B26A-D537657BC863}
		{9048EB7F-3875-A59E-E36B-5BD4C6F2A282} = {827E0CD3-B72D-47B6-A68D-7590B98EB39B}
		{79A8E30C-4E41-46AF-900A-CA6E67B9634D} = {9048EB7F-3875-A59E-E36B-5BD4C6F2A282}
		{81034408-37C8-1011-444E-4C15C2FADA8E} = {827E0CD3-B72D-47B6-A68D-7590B98EB39B}
		{39E9887F-4088-4870-910B-8E0AF9391550} = {81034408-37C8-1011-444E-4C15C2FADA8E}
		{E54C5156-A79F-F12B-3B9F-7475A4B81BB0} = {0AB3BF05-4346-4AA6-1389-037BE0695223}
		{D8D65E89-9296-414D-8F48-3A409AF58472} = {E54C5156-A79F-F12B-3B9F-7475A4B81BB0}
	EndGlobalSection
EndGlobal
